
Microsoft Visual Studio Solution File, Format Version 12.00
# Visual Studio Version 17
VisualStudioVersion = 17.14.36121.58 d17.14
MinimumVisualStudioVersion = 10.0.40219.1
Project("{FAE04EC0-301F-11D3-BF4B-00C04F79EFBC}") = "ProyectoPOO", "ProyectoPOO\ProyectoPOO.csproj", "{C988DF20-33B8-4C81-BE6D-C939DC14C34D}"
EndProject
Global
	GlobalSection(SolutionConfigurationPlatforms) = preSolution
		Debug|Any CPU = Debug|Any CPU
		Release|Any CPU = Release|Any CPU
	EndGlobalSection
	GlobalSection(ProjectConfigurationPlatforms) = postSolution
		{C988DF20-33B8-4C81-BE6D-C939DC14C34D}.Debug|Any CPU.ActiveCfg = Debug|Any CPU
		{C988DF20-33B8-4C81-BE6D-C939DC14C34D}.Debug|Any CPU.Build.0 = Debug|Any CPU
		{C988DF20-33B8-4C81-BE6D-C939DC14C34D}.Release|Any CPU.ActiveCfg = Release|Any CPU
		{C988DF20-33B8-4C81-BE6D-C939DC14C34D}.Release|Any CPU.Build.0 = Release|Any CPU
	EndGlobalSection
	GlobalSection(SolutionProperties) = preSolution
		HideSolutionNode = FALSE
	EndGlobalSection
	GlobalSection(ExtensibilityGlobals) = postSolution
		SolutionGuid = {32201C32-CA21-483A-9ABD-2BDF4501E4BA}
	EndGlobalSection
EndGlobal
